[[package]]
name = "click"
version = "8.1.3"
requires_python = ">=3.7"
summary = "Composable command line interface toolkit"
dependencies = [
    "colorama; platform_system == \"Windows\"",
]

[[package]]
name = "colorama"
version = "0.4.5"
requires_python = ">=2.7, !=3.0.*, !=3.1.*, !=3.2.*, !=3.3.*, !=3.4.*"
summary = "Cross-platform colored terminal text."

[[package]]
name = "git-url-parse"
version = "1.2.2"
summary = "git-url-parse - A simple GIT URL parser."
dependencies = [
    "pbr",
]

[[package]]
name = "pbr"
version = "5.10.0"
requires_python = ">=2.6"
summary = "Python Build Reasonableness"

[metadata]
lock_version = "4.0"
content_hash = "sha256:72aa1b24bcc1f74a7c17161c12d7bf9b9a000c7615103410e05f9e15f9fb363b"

[metadata.files]
"click 8.1.3" = [
    {url = "https://files.pythonhosted.org/packages/59/87/84326af34517fca8c58418d148f2403df25303e02736832403587318e9e8/click-8.1.3.tar.gz", hash = "sha256:7682dc8afb30297001674575ea00d1814d808d6a36af415a82bd481d37ba7b8e"},
    {url = "https://files.pythonhosted.org/packages/c2/f1/df59e28c642d583f7dacffb1e0965d0e00b218e0186d7858ac5233dce840/click-8.1.3-py3-none-any.whl", hash = "sha256:bb4d8133cb15a609f44e8213d9b391b0809795062913b383c62be0ee95b1db48"},
]
"colorama 0.4.5" = [
    {url = "https://files.pythonhosted.org/packages/2b/65/24d033a9325ce42ccbfa3ca2d0866c7e89cc68e5b9d92ecaba9feef631df/colorama-0.4.5.tar.gz", hash = "sha256:e6c6b4334fc50988a639d9b98aa429a0b57da6e17b9a44f0451f930b6967b7a4"},
    {url = "https://files.pythonhosted.org/packages/77/8b/7550e87b2d308a1b711725dfaddc19c695f8c5fa413c640b2be01662f4e6/colorama-0.4.5-py2.py3-none-any.whl", hash = "sha256:854bf444933e37f5824ae7bfc1e98d5bce2ebe4160d46b5edf346a89358e99da"},
]
"git-url-parse 1.2.2" = [
    {url = "https://files.pythonhosted.org/packages/26/ea/c8c22b051026d9debe95c92df4fa0388f30fcde6f10fc0000058d13f6996/git-url-parse-1.2.2.tar.gz", hash = "sha256:7b5f4e3aeb1d693afeee67a3bd4ac063f7206c2e8e46e559f0da0da98445f117"},
    {url = "https://files.pythonhosted.org/packages/7e/fd/755d2abf15615c575c53d07a6cd65a66e4f9e0c07466e1598f7f74763af9/git_url_parse-1.2.2-py2-none-any.whl", hash = "sha256:9353ff40d69488ff2299b27f40e0350ad87bd5348ea6ea09a1895eda9e5733de"},
    {url = "https://files.pythonhosted.org/packages/ba/88/f58232bf654417831c9b25bf848bc015ed896c944e7c078a8e7626afe52c/git_url_parse-1.2.2-py3-none-any.whl", hash = "sha256:4655ee22f1d8bf7a1eb1066c1da16529b186966c6d8331f7f55686a76a9f7aef"},
]
"pbr 5.10.0" = [
    {url = "https://files.pythonhosted.org/packages/88/fb/c7958b2d571c7b15091b8574a727ad14328e8de590644198e57de9b5ee57/pbr-5.10.0-py2.py3-none-any.whl", hash = "sha256:da3e18aac0a3c003e9eea1a81bd23e5a3a75d745670dcf736317b7d966887fdf"},
    {url = "https://files.pythonhosted.org/packages/b4/40/4c5d3681b141a10c24c890c28345fac915dd67f34b8c910df7b81ac5c7b3/pbr-5.10.0.tar.gz", hash = "sha256:cfcc4ff8e698256fc17ea3ff796478b050852585aa5bae79ecd05b2ab7b39b9a"},
]
